
Microsoft Visual Studio Solution File, Format Version 12.00
# Visual Studio 15
VisualStudioVersion = 15.0.28307.421
MinimumVisualStudioVersion = 10.0.40219.1
Project("{9A19103F-16F7-4668-BE54-9A1E7A4F7556}") = "Shy.Redmine", "Shy.Redmine\Shy.Redmine.csproj", "{CD442AC0-98A2-4442-AF1A-7753C765B21A}"
EndProject
Project("{9A19103F-16F7-4668-BE54-9A1E7A4F7556}") = "Shy.Redmine.Tests", "Shy.Redmine.Tests\Shy.Redmine.Tests.csproj", "{9E604118-750B-46A5-A38B-BD2F088AC9D6}"
EndProject
Project("{FAE04EC0-301F-11D3-BF4B-00C04F79EFBC}") = "Shy.Redmine.Console", "Shy.Redmine.Console\Shy.Redmine.Console.csproj", "{2A051245-FF92-413F-8793-CFCA630B8523}"
EndProject
Global
	GlobalSection(SolutionConfigurationPlatforms) = preSolution
		Debug|Any CPU = Debug|Any CPU
		Release|Any CPU = Release|Any CPU
	EndGlobalSection
	GlobalSection(ProjectConfigurationPlatforms) = postSolution
		{CD442AC0-98A2-4442-AF1A-7753C765B21A}.Debug|Any CPU.ActiveCfg = Debug|Any CPU
		{CD442AC0-98A2-4442-AF1A-7753C765B21A}.Debug|Any CPU.Build.0 = Debug|Any CPU
		{CD442AC0-98A2-4442-AF1A-7753C765B21A}.Release|Any CPU.ActiveCfg = Release|Any CPU
		{CD442AC0-98A2-4442-AF1A-7753C765B21A}.Release|Any CPU.Build.0 = Release|Any CPU
		{9E604118-750B-46A5-A38B-BD2F088AC9D6}.Debug|Any CPU.ActiveCfg = Debug|Any CPU
		{9E604118-750B-46A5-A38B-BD2F088AC9D6}.Debug|Any CPU.Build.0 = Debug|Any CPU
		{9E604118-750B-46A5-A38B-BD2F088AC9D6}.Release|Any CPU.ActiveCfg = Release|Any CPU
		{9E604118-750B-46A5-A38B-BD2F088AC9D6}.Release|Any CPU.Build.0 = Release|Any CPU
		{2A051245-FF92-413F-8793-CFCA630B8523}.Debug|Any CPU.ActiveCfg = Debug|Any CPU
		{2A051245-FF92-413F-8793-CFCA630B8523}.Debug|Any CPU.Build.0 = Debug|Any CPU
		{2A051245-FF92-413F-8793-CFCA630B8523}.Release|Any CPU.ActiveCfg = Release|Any CPU
		{2A051245-FF92-413F-8793-CFCA630B8523}.Release|Any CPU.Build.0 = Release|Any CPU
	EndGlobalSection
	GlobalSection(SolutionProperties) = preSolution
		HideSolutionNode = FALSE
	EndGlobalSection
	GlobalSection(ExtensibilityGlobals) = postSolution
		SolutionGuid = {DBFFE43F-07F9-4AEE-BF9F-24714841C613}
	EndGlobalSection
EndGlobal
